{
  "name": "bookstoreapitests",
  "version": "1.0.0",
  "lockfileVersion": 3,
  "requires": true,
  "packages": {
    "": {
      "name": "bookstoreapitests",
      "version": "1.0.0",
      "license": "ISC",
      "dependencies": {
        "@playwright/test": "^1.54.2",
        "prettier": "^3.5.3"
      },
      "devDependencies": {
        "@types/node": "^22.13.11"
      }
    },
    "node_modules/@playwright/test": {
      "version": "1.54.2",
      "resolved": "https://registry.npmjs.org/@playwright/test/-/test-1.54.2.tgz",
      "integrity": "sha512-A+znathYxPf+72riFd1r1ovOLqsIIB0jKIoPjyK2kqEIe30/6jF6BC7QNluHuwUmsD2tv1XZVugN8GqfTMOxsA==",
      "license": "Apache-2.0",
      "dependencies": {
        "playwright": "1.54.2"
      },
      "bin": {
        "playwright": "cli.js"
      },
      "engines": {
        "node": ">=18"
      }
    },
    "node_modules/@types/node": {
      "version": "22.13.11",
      "resolved": "https://registry.npmjs.org/@types/node/-/node-22.13.11.tgz",
      "integrity": "sha512-iEUCUJoU0i3VnrCmgoWCXttklWcvoCIx4jzcP22fioIVSdTmjgoEvmAO/QPw6TcS9k5FrNgn4w7q5lGOd1CT5g==",
      "dev": true,
      "license": "MIT",
      "dependencies": {
        "undici-types": "~6.20.0"
      }
    },
    "node_modules/fsevents": {
      "version": "2.3.2",
      "resolved": "https://registry.npmjs.org/fsevents/-/fsevents-2.3.2.tgz",
      "integrity": "sha512-xiqMQR4xAeHTuB9uWm+fFRcIOgKBMiOBP+eXiyT7jsgVCq1bkVygt00oASowB7EdtpOHaaPgKt812P9ab+DDKA==",
      "hasInstallScript": true,
      "license": "MIT",
      "optional": true,
      "os": [
        "darwin"
      ],
      "engines": {
        "node": "^8.16.0 || ^10.6.0 || >=11.0.0"
      }
    },
    "node_modules/playwright": {
      "version": "1.54.2",
      "resolved": "https://registry.npmjs.org/playwright/-/playwright-1.54.2.tgz",
      "integrity": "sha512-Hu/BMoA1NAdRUuulyvQC0pEqZ4vQbGfn8f7wPXcnqQmM+zct9UliKxsIkLNmz/ku7LElUNqmaiv1TG/aL5ACsw==",
      "license": "Apache-2.0",
      "dependencies": {
        "playwright-core": "1.54.2"
      },
      "bin": {
        "playwright": "cli.js"
      },
      "engines": {
        "node": ">=18"
      },
      "optionalDependencies": {
        "fsevents": "2.3.2"
      }
    },
    "node_modules/playwright-core": {
      "version": "1.54.2",
      "resolved": "https://registry.npmjs.org/playwright-core/-/playwright-core-1.54.2.tgz",
      "integrity": "sha512-n5r4HFbMmWsB4twG7tJLDN9gmBUeSPcsBZiWSE4DnYz9mJMAFqr2ID7+eGC9kpEnxExJ1epttwR59LEWCk8mtA==",
      "license": "Apache-2.0",
      "bin": {
        "playwright-core": "cli.js"
      },
      "engines": {
        "node": ">=18"
      }
    },
    "node_modules/prettier": {
      "version": "3.5.3",
      "resolved": "https://registry.npmjs.org/prettier/-/prettier-3.5.3.tgz",
      "integrity": "sha512-QQtaxnoDJeAkDvDKWCLiwIXkTgRhwYDEQCghU9Z6q03iyek/rxRh/2lC3HB7P8sWT2xC/y5JDctPLBIGzHKbhw==",
      "license": "MIT",
      "bin": {
        "prettier": "bin/prettier.cjs"
      },
      "engines": {
        "node": ">=14"
      },
      "funding": {
        "url": "https://github.com/prettier/prettier?sponsor=1"
      }
    },
    "node_modules/undici-types": {
      "version": "6.20.0",
      "resolved": "https://registry.npmjs.org/undici-types/-/undici-types-6.20.0.tgz",
      "integrity": "sha512-Ny6QZ2Nju20vw1SRHe3d9jVu6gJ+4e3+MMpqu7pqE5HT6WsTSlce++GQmK5UXS8mzV8DSYHrQH+Xrf2jVcuKNg==",
      "dev": true,
      "license": "MIT"
    }
  }
}
